
Microsoft Visual Studio Solution File, Format Version 12.00
# Visual Studio Version 16
VisualStudioVersion = 16.0.31605.320
MinimumVisualStudioVersion = 10.0.40219.1
Project("{9A19103F-16F7-4668-BE54-9A1E7A4F7556}") = "DataAccess", "DataAccess\DataAccess.csproj", "{3825522A-8033-421A-BD9D-A489BB8F6350}"
EndProject
Project("{9A19103F-16F7-4668-BE54-9A1E7A4F7556}") = "Business", "Business\Business.csproj", "{FBD033BF-CE72-4C7A-A6FC-9C29BAF4D89C}"
EndProject
Project("{9A19103F-16F7-4668-BE54-9A1E7A4F7556}") = "Entities", "Entities\Entities.csproj", "{C05EC225-0FD2-4F69-8B03-7F062FBF82F1}"
EndProject
Project("{9A19103F-16F7-4668-BE54-9A1E7A4F7556}") = "ConsoleUI", "ConsoleUI\ConsoleUI.csproj", "{DD5F1EE7-768C-41F9-BB71-EB180237DA3F}"
EndProject
Project("{FAE04EC0-301F-11D3-BF4B-00C04F79EFBC}") = "Core", "Core\Core.csproj", "{6536ADE9-0B24-476A-82A7-2836DBCCE574}"
EndProject
Global
	GlobalSection(SolutionConfigurationPlatforms) = preSolution
		Debug|Any CPU = Debug|Any CPU
		Release|Any CPU = Release|Any CPU
	EndGlobalSection
	GlobalSection(ProjectConfigurationPlatforms) = postSolution
		{3825522A-8033-421A-BD9D-A489BB8F6350}.Debug|Any CPU.ActiveCfg = Debug|Any CPU
		{3825522A-8033-421A-BD9D-A489BB8F6350}.Debug|Any CPU.Build.0 = Debug|Any CPU
		{3825522A-8033-421A-BD9D-A489BB8F6350}.Release|Any CPU.ActiveCfg = Release|Any CPU
		{3825522A-8033-421A-BD9D-A489BB8F6350}.Release|Any CPU.Build.0 = Release|Any CPU
		{FBD033BF-CE72-4C7A-A6FC-9C29BAF4D89C}.Debug|Any CPU.ActiveCfg = Debug|Any CPU
		{FBD033BF-CE72-4C7A-A6FC-9C29BAF4D89C}.Debug|Any CPU.Build.0 = Debug|Any CPU
		{FBD033BF-CE72-4C7A-A6FC-9C29BAF4D89C}.Release|Any CPU.ActiveCfg = Release|Any CPU
		{FBD033BF-CE72-4C7A-A6FC-9C29BAF4D89C}.Release|Any CPU.Build.0 = Release|Any CPU
		{C05EC225-0FD2-4F69-8B03-7F062FBF82F1}.Debug|Any CPU.ActiveCfg = Debug|Any CPU
		{C05EC225-0FD2-4F69-8B03-7F062FBF82F1}.Debug|Any CPU.Build.0 = Debug|Any CPU
		{C05EC225-0FD2-4F69-8B03-7F062FBF82F1}.Release|Any CPU.ActiveCfg = Release|Any CPU
		{C05EC225-0FD2-4F69-8B03-7F062FBF82F1}.Release|Any CPU.Build.0 = Release|Any CPU
		{DD5F1EE7-768C-41F9-BB71-EB180237DA3F}.Debug|Any CPU.ActiveCfg = Debug|Any CPU
		{DD5F1EE7-768C-41F9-BB71-EB180237DA3F}.Debug|Any CPU.Build.0 = Debug|Any CPU
		{DD5F1EE7-768C-41F9-BB71-EB180237DA3F}.Release|Any CPU.ActiveCfg = Release|Any CPU
		{DD5F1EE7-768C-41F9-BB71-EB180237DA3F}.Release|Any CPU.Build.0 = Release|Any CPU
		{6536ADE9-0B24-476A-82A7-2836DBCCE574}.Debug|Any CPU.ActiveCfg = Debug|Any CPU
		{6536ADE9-0B24-476A-82A7-2836DBCCE574}.Debug|Any CPU.Build.0 = Debug|Any CPU
		{6536ADE9-0B24-476A-82A7-2836DBCCE574}.Release|Any CPU.ActiveCfg = Release|Any CPU
		{6536ADE9-0B24-476A-82A7-2836DBCCE574}.Release|Any CPU.Build.0 = Release|Any CPU
	EndGlobalSection
	GlobalSection(SolutionProperties) = preSolution
		HideSolutionNode = FALSE
	EndGlobalSection
	GlobalSection(ExtensibilityGlobals) = postSolution
		SolutionGuid = {641D8653-7248-45E2-B391-F3861C76A7D7}
	EndGlobalSection
EndGlobal
